
Microsoft Visual Studio Solution File, Format Version 12.00
# Visual Studio 15
VisualStudioVersion = 15.0.27130.2027
MinimumVisualStudioVersion = 10.0.40219.1
Project("{FAE04EC0-301F-11D3-BF4B-00C04F79EFBC}") = "EntityLayer", "EntityLayer\EntityLayer.csproj", "{D8628AE0-2F80-46F5-9A71-F26EF821F057}"
EndProject
Project("{FAE04EC0-301F-11D3-BF4B-00C04F79EFBC}") = "DataAcessLayer", "DataAcessLayer\DataAcessLayer.csproj", "{1785C1FF-FE80-40C9-9B12-E2DDE3103FC2}"
EndProject
Project("{FAE04EC0-301F-11D3-BF4B-00C04F79EFBC}") = "BusinessLayer", "BusinessLayer\BusinessLayer.csproj", "{6662A0A6-EA7E-41AA-91C8-17A4D85C6435}"
EndProject
Project("{FAE04EC0-301F-11D3-BF4B-00C04F79EFBC}") = "WebSite", "WebSite\WebSite.csproj", "{A4F1DECA-1EC5-4D2A-AF3D-2727EF98DB8C}"
EndProject
Project("{FAE04EC0-301F-11D3-BF4B-00C04F79EFBC}") = "Services", "Services\Services.csproj", "{AD3A063D-DFDF-47D5-832C-80873052C584}"
EndProject
Project("{FAE04EC0-301F-11D3-BF4B-00C04F79EFBC}") = "WebServices", "WebServices\WebServices.csproj", "{D7DF1168-9A6B-4294-8AB2-617BA2CFD7CB}"
EndProject
Global
	GlobalSection(SolutionConfigurationPlatforms) = preSolution
		Debug|Any CPU = Debug|Any CPU
		Release|Any CPU = Release|Any CPU
	EndGlobalSection
	GlobalSection(ProjectConfigurationPlatforms) = postSolution
		{D8628AE0-2F80-46F5-9A71-F26EF821F057}.Debug|Any CPU.ActiveCfg = Debug|Any CPU
		{D8628AE0-2F80-46F5-9A71-F26EF821F057}.Debug|Any CPU.Build.0 = Debug|Any CPU
		{D8628AE0-2F80-46F5-9A71-F26EF821F057}.Release|Any CPU.ActiveCfg = Release|Any CPU
		{D8628AE0-2F80-46F5-9A71-F26EF821F057}.Release|Any CPU.Build.0 = Release|Any CPU
		{1785C1FF-FE80-40C9-9B12-E2DDE3103FC2}.Debug|Any CPU.ActiveCfg = Debug|Any CPU
		{1785C1FF-FE80-40C9-9B12-E2DDE3103FC2}.Debug|Any CPU.Build.0 = Debug|Any CPU
		{1785C1FF-FE80-40C9-9B12-E2DDE3103FC2}.Release|Any CPU.ActiveCfg = Release|Any CPU
		{1785C1FF-FE80-40C9-9B12-E2DDE3103FC2}.Release|Any CPU.Build.0 = Release|Any CPU
		{6662A0A6-EA7E-41AA-91C8-17A4D85C6435}.Debug|Any CPU.ActiveCfg = Debug|Any CPU
		{6662A0A6-EA7E-41AA-91C8-17A4D85C6435}.Debug|Any CPU.Build.0 = Debug|Any CPU
		{6662A0A6-EA7E-41AA-91C8-17A4D85C6435}.Release|Any CPU.ActiveCfg = Release|Any CPU
		{6662A0A6-EA7E-41AA-91C8-17A4D85C6435}.Release|Any CPU.Build.0 = Release|Any CPU
		{A4F1DECA-1EC5-4D2A-AF3D-2727EF98DB8C}.Debug|Any CPU.ActiveCfg = Debug|Any CPU
		{A4F1DECA-1EC5-4D2A-AF3D-2727EF98DB8C}.Debug|Any CPU.Build.0 = Debug|Any CPU
		{A4F1DECA-1EC5-4D2A-AF3D-2727EF98DB8C}.Release|Any CPU.ActiveCfg = Release|Any CPU
		{A4F1DECA-1EC5-4D2A-AF3D-2727EF98DB8C}.Release|Any CPU.Build.0 = Release|Any CPU
		{AD3A063D-DFDF-47D5-832C-80873052C584}.Debug|Any CPU.ActiveCfg = Debug|Any CPU
		{AD3A063D-DFDF-47D5-832C-80873052C584}.Debug|Any CPU.Build.0 = Debug|Any CPU
		{AD3A063D-DFDF-47D5-832C-80873052C584}.Release|Any CPU.ActiveCfg = Release|Any CPU
		{AD3A063D-DFDF-47D5-832C-80873052C584}.Release|Any CPU.Build.0 = Release|Any CPU
		{D7DF1168-9A6B-4294-8AB2-617BA2CFD7CB}.Debug|Any CPU.ActiveCfg = Debug|Any CPU
		{D7DF1168-9A6B-4294-8AB2-617BA2CFD7CB}.Debug|Any CPU.Build.0 = Debug|Any CPU
		{D7DF1168-9A6B-4294-8AB2-617BA2CFD7CB}.Release|Any CPU.ActiveCfg = Release|Any CPU
		{D7DF1168-9A6B-4294-8AB2-617BA2CFD7CB}.Release|Any CPU.Build.0 = Release|Any CPU
	EndGlobalSection
	GlobalSection(SolutionProperties) = preSolution
		HideSolutionNode = FALSE
	EndGlobalSection
	GlobalSection(ExtensibilityGlobals) = postSolution
		SolutionGuid = {82D342D1-C75B-4759-8A20-3DD00A962025}
	EndGlobalSection
EndGlobal
